
Microsoft Visual Studio Solution File, Format Version 12.00
# Visual Studio Version 16
VisualStudioVersion = 16.0.31313.79
MinimumVisualStudioVersion = 10.0.40219.1
Project("{FAE04EC0-301F-11D3-BF4B-00C04F79EFBC}") = "ClientApp", "ClientApp\ClientApp.csproj", "{6AB4B756-7DF2-429A-9289-746255E866C8}"
EndProject
Project("{FAE04EC0-301F-11D3-BF4B-00C04F79EFBC}") = "Data.Model", "Data.Model\Data.Model.csproj", "{EFCDACFA-CC64-431E-B95B-EC5769ABAAD8}"
EndProject
Project("{FAE04EC0-301F-11D3-BF4B-00C04F79EFBC}") = "Data.Repository", "Data.Repository\Data.Repository.csproj", "{5D8D2E64-99CD-44FB-A379-F889C8456314}"
EndProject
Global
	GlobalSection(SolutionConfigurationPlatforms) = preSolution
		Debug|Any CPU = Debug|Any CPU
		Release|Any CPU = Release|Any CPU
	EndGlobalSection
	GlobalSection(ProjectConfigurationPlatforms) = postSolution
		{6AB4B756-7DF2-429A-9289-746255E866C8}.Debug|Any CPU.ActiveCfg = Debug|Any CPU
		{6AB4B756-7DF2-429A-9289-746255E866C8}.Debug|Any CPU.Build.0 = Debug|Any CPU
		{6AB4B756-7DF2-429A-9289-746255E866C8}.Release|Any CPU.ActiveCfg = Release|Any CPU
		{6AB4B756-7DF2-429A-9289-746255E866C8}.Release|Any CPU.Build.0 = Release|Any CPU
		{EFCDACFA-CC64-431E-B95B-EC5769ABAAD8}.Debug|Any CPU.ActiveCfg = Debug|Any CPU
		{EFCDACFA-CC64-431E-B95B-EC5769ABAAD8}.Debug|Any CPU.Build.0 = Debug|Any CPU
		{EFCDACFA-CC64-431E-B95B-EC5769ABAAD8}.Release|Any CPU.ActiveCfg = Release|Any CPU
		{EFCDACFA-CC64-431E-B95B-EC5769ABAAD8}.Release|Any CPU.Build.0 = Release|Any CPU
		{5D8D2E64-99CD-44FB-A379-F889C8456314}.Debug|Any CPU.ActiveCfg = Debug|Any CPU
		{5D8D2E64-99CD-44FB-A379-F889C8456314}.Debug|Any CPU.Build.0 = Debug|Any CPU
		{5D8D2E64-99CD-44FB-A379-F889C8456314}.Release|Any CPU.ActiveCfg = Release|Any CPU
		{5D8D2E64-99CD-44FB-A379-F889C8456314}.Release|Any CPU.Build.0 = Release|Any CPU
	EndGlobalSection
	GlobalSection(SolutionProperties) = preSolution
		HideSolutionNode = FALSE
	EndGlobalSection
	GlobalSection(ExtensibilityGlobals) = postSolution
		SolutionGuid = {059AA871-3774-4F71-850E-FC62A9259CC7}
	EndGlobalSection
EndGlobal
