
Microsoft Visual Studio Solution File, Format Version 12.00
# Visual Studio Version 16
VisualStudioVersion = 16.0.31205.134
MinimumVisualStudioVersion = 10.0.40219.1
Project("{FAE04EC0-301F-11D3-BF4B-00C04F79EFBC}") = "ConsoleApp5", "ConsoleApp5\ConsoleApp5.csproj", "{B4EB6252-1D84-49A3-83CA-B4D26EE82B46}"
EndProject
Global
	GlobalSection(SolutionConfigurationPlatforms) = preSolution
		Debug|Any CPU = Debug|Any CPU
		Release|Any CPU = Release|Any CPU
	EndGlobalSection
	GlobalSection(ProjectConfigurationPlatforms) = postSolution
		{B4EB6252-1D84-49A3-83CA-B4D26EE82B46}.Debug|Any CPU.ActiveCfg = Debug|Any CPU
		{B4EB6252-1D84-49A3-83CA-B4D26EE82B46}.Debug|Any CPU.Build.0 = Debug|Any CPU
		{B4EB6252-1D84-49A3-83CA-B4D26EE82B46}.Release|Any CPU.ActiveCfg = Release|Any CPU
		{B4EB6252-1D84-49A3-83CA-B4D26EE82B46}.Release|Any CPU.Build.0 = Release|Any CPU
	EndGlobalSection
	GlobalSection(SolutionProperties) = preSolution
		HideSolutionNode = FALSE
	EndGlobalSection
	GlobalSection(ExtensibilityGlobals) = postSolution
		SolutionGuid = {EB523721-C52D-408E-9170-4DC97013217F}
	EndGlobalSection
EndGlobal
