
Microsoft Visual Studio Solution File, Format Version 12.00
# Visual Studio Version 16
VisualStudioVersion = 16.0.31205.134
MinimumVisualStudioVersion = 10.0.40219.1
Project("{FAE04EC0-301F-11D3-BF4B-00C04F79EFBC}") = "ConsoleApp8", "ConsoleApp8\ConsoleApp8.csproj", "{9DE01C48-6ABC-4F1C-8B53-68FCBEAB5D37}"
EndProject
Global
	GlobalSection(SolutionConfigurationPlatforms) = preSolution
		Debug|Any CPU = Debug|Any CPU
		Release|Any CPU = Release|Any CPU
	EndGlobalSection
	GlobalSection(ProjectConfigurationPlatforms) = postSolution
		{9DE01C48-6ABC-4F1C-8B53-68FCBEAB5D37}.Debug|Any CPU.ActiveCfg = Debug|Any CPU
		{9DE01C48-6ABC-4F1C-8B53-68FCBEAB5D37}.Debug|Any CPU.Build.0 = Debug|Any CPU
		{9DE01C48-6ABC-4F1C-8B53-68FCBEAB5D37}.Release|Any CPU.ActiveCfg = Release|Any CPU
		{9DE01C48-6ABC-4F1C-8B53-68FCBEAB5D37}.Release|Any CPU.Build.0 = Release|Any CPU
	EndGlobalSection
	GlobalSection(SolutionProperties) = preSolution
		HideSolutionNode = FALSE
	EndGlobalSection
	GlobalSection(ExtensibilityGlobals) = postSolution
		SolutionGuid = {C1BE565B-3ADD-45A5-8BA1-781D60698D0F}
	EndGlobalSection
EndGlobal
